// !$*UTF8*$!
{
	archiveVersion = 1;
	classes = {
	};
	objectVersion = 56;
	objects = {

/* Begin PBXBuildFile section */
		D8261CAC2B7931CB00799017 /* PickTwo2024App.swift in Sources */ = {isa = PBXBuildFile; fileRef = D8261CAB2B7931CB00799017 /* PickTwo2024App.swift */; };
		D8261CAE2B7931CB00799017 /* LoginView.swift in Sources */ = {isa = PBXBuildFile; fileRef = D8261CAD2B7931CB00799017 /* LoginView.swift */; };
		D8261CB22B7931CC00799017 /* Assets.xcassets in Resources */ = {isa = PBXBuildFile; fileRef = D8261CB12B7931CC00799017 /* Assets.xcassets */; };
		D8261CB52B7931CC00799017 /* Preview Assets.xcassets in Resources */ = {isa = PBXBuildFile; fileRef = D8261CB42B7931CC00799017 /* Preview Assets.xcassets */; };
		D8261CBF2B7931CC00799017 /* PickTwo2024Tests.swift in Sources */ = {isa = PBXBuildFile; fileRef = D8261CBE2B7931CC00799017 /* PickTwo2024Tests.swift */; };
		D8261CC92B7931CC00799017 /* PickTwo2024UITests.swift in Sources */ = {isa = PBXBuildFile; fileRef = D8261CC82B7931CC00799017 /* PickTwo2024UITests.swift */; };
		D8261CCB2B7931CC00799017 /* PickTwo2024UITestsLaunchTests.swift in Sources */ = {isa = PBXBuildFile; fileRef = D8261CCA2B7931CC00799017 /* PickTwo2024UITestsLaunchTests.swift */; };
		D8261CD82B7932A400799017 /* LoginViewModel.swift in Sources */ = {isa = PBXBuildFile; fileRef = D8261CD72B7932A400799017 /* LoginViewModel.swift */; };
		D8261CE02B9CF60600799017 /* ProfileView.swift in Sources */ = {isa = PBXBuildFile; fileRef = D8261CDF2B9CF60600799017 /* ProfileView.swift */; };
		D8261CE22B9CF9DE00799017 /* ProfileViewModel.swift in Sources */ = {isa = PBXBuildFile; fileRef = D8261CE12B9CF9DE00799017 /* ProfileViewModel.swift */; };
		D8DDA7BC2B9E2FC9005DDBA0 /* GoogleService-Info.plist in Resources */ = {isa = PBXBuildFile; fileRef = D8DDA7BB2B9E2FC9005DDBA0 /* GoogleService-Info.plist */; };
		D8DDA7BF2B9E31BF005DDBA0 /* FirebaseAnalytics in Frameworks */ = {isa = PBXBuildFile; productRef = D8DDA7BE2B9E31BF005DDBA0 /* FirebaseAnalytics */; };
		D8DDA7C12B9E31BF005DDBA0 /* FirebaseAuth in Frameworks */ = {isa = PBXBuildFile; productRef = D8DDA7C02B9E31BF005DDBA0 /* FirebaseAuth */; };
		D8DDA7C32B9E31BF005DDBA0 /* FirebaseFirestoreCombine-Community in Frameworks */ = {isa = PBXBuildFile; productRef = D8DDA7C22B9E31BF005DDBA0 /* FirebaseFirestoreCombine-Community */; };
		D8DDA7C52B9E31BF005DDBA0 /* FirebaseFirestoreSwift in Frameworks */ = {isa = PBXBuildFile; productRef = D8DDA7C42B9E31BF005DDBA0 /* FirebaseFirestoreSwift */; };
		D8DDA7C72B9E443E005DDBA0 /* Info.plist in Resources */ = {isa = PBXBuildFile; fileRef = D8DDA7C62B9E443E005DDBA0 /* Info.plist */; };
/* End PBXBuildFile section */

/* Begin PBXContainerItemProxy section */
		D8261CBB2B7931CC00799017 /* PBXContainerItemProxy */ = {
			isa = PBXContainerItemProxy;
			containerPortal = D8261CA02B7931CB00799017 /* Project object */;
			proxyType = 1;
			remoteGlobalIDString = D8261CA72B7931CB00799017;
			remoteInfo = PickTwo2024;
		};
		D8261CC52B7931CC00799017 /* PBXContainerItemProxy */ = {
			isa = PBXContainerItemProxy;
			containerPortal = D8261CA02B7931CB00799017 /* Project object */;
			proxyType = 1;
			remoteGlobalIDString = D8261CA72B7931CB00799017;
			remoteInfo = PickTwo2024;
		};
/* End PBXContainerItemProxy section */

/* Begin PBXFileReference section */
		D8261CA82B7931CB00799017 /* PickTwo2024.app */ = {isa = PBXFileReference; explicitFileType = wrapper.application; includeInIndex = 0; path = PickTwo2024.app; sourceTree = BUILT_PRODUCTS_DIR; };
		D8261CAB2B7931CB00799017 /* PickTwo2024App.swift */ = {isa = PBXFileReference; lastKnownFileType = sourcecode.swift; path = PickTwo2024App.swift; sourceTree = "<group>"; };
		D8261CAD2B7931CB00799017 /* LoginView.swift */ = {isa = PBXFileReference; lastKnownFileType = sourcecode.swift; path = LoginView.swift; sourceTree = "<group>"; };
		D8261CB12B7931CC00799017 /* Assets.xcassets */ = {isa = PBXFileReference; lastKnownFileType = folder.assetcatalog; path = Assets.xcassets; sourceTree = "<group>"; };
		D8261CB42B7931CC00799017 /* Preview Assets.xcassets */ = {isa = PBXFileReference; lastKnownFileType = folder.assetcatalog; path = "Preview Assets.xcassets"; sourceTree = "<group>"; };
		D8261CBA2B7931CC00799017 /* PickTwo2024Tests.xctest */ = {isa = PBXFileReference; explicitFileType = wrapper.cfbundle; includeInIndex = 0; path = PickTwo2024Tests.xctest; sourceTree = BUILT_PRODUCTS_DIR; };
		D8261CBE2B7931CC00799017 /* PickTwo2024Tests.swift */ = {isa = PBXFileReference; lastKnownFileType = sourcecode.swift; path = PickTwo2024Tests.swift; sourceTree = "<group>"; };
		D8261CC42B7931CC00799017 /* PickTwo2024UITests.xctest */ = {isa = PBXFileReference; explicitFileType = wrapper.cfbundle; includeInIndex = 0; path = PickTwo2024UITests.xctest; sourceTree = BUILT_PRODUCTS_DIR; };
		D8261CC82B7931CC00799017 /* PickTwo2024UITests.swift */ = {isa = PBXFileReference; lastKnownFileType = sourcecode.swift; path = PickTwo2024UITests.swift; sourceTree = "<group>"; };
		D8261CCA2B7931CC00799017 /* PickTwo2024UITestsLaunchTests.swift */ = {isa = PBXFileReference; lastKnownFileType = sourcecode.swift; path = PickTwo2024UITestsLaunchTests.swift; sourceTree = "<group>"; };
		D8261CD72B7932A400799017 /* LoginViewModel.swift */ = {isa = PBXFileReference; lastKnownFileType = sourcecode.swift; path = LoginViewModel.swift; sourceTree = "<group>"; };
		D8261CDE2B9CF1F300799017 /* PickTwo2024.entitlements */ = {isa = PBXFileReference; lastKnownFileType = text.plist.entitlements; path = PickTwo2024.entitlements; sourceTree = "<group>"; };
		D8261CDF2B9CF60600799017 /* ProfileView.swift */ = {isa = PBXFileReference; lastKnownFileType = sourcecode.swift; path = ProfileView.swift; sourceTree = "<group>"; };
		D8261CE12B9CF9DE00799017 /* ProfileViewModel.swift */ = {isa = PBXFileReference; lastKnownFileType = sourcecode.swift; path = ProfileViewModel.swift; sourceTree = "<group>"; };
		D8DDA7BB2B9E2FC9005DDBA0 /* GoogleService-Info.plist */ = {isa = PBXFileReference; fileEncoding = 4; lastKnownFileType = text.plist.xml; path = "GoogleService-Info.plist"; sourceTree = "<group>"; };
		D8DDA7C62B9E443E005DDBA0 /* Info.plist */ = {isa = PBXFileReference; lastKnownFileType = text.plist.xml; path = Info.plist; sourceTree = "<group>"; };
/* End PBXFileReference section */

/* Begin PBXFrameworksBuildPhase section */
		D8261CA52B7931CB00799017 /* Frameworks */ = {
			isa = PBXFrameworksBuildPhase;
			buildActionMask = 2147483647;
			files = (
				D8DDA7C32B9E31BF005DDBA0 /* FirebaseFirestoreCombine-Community in Frameworks */,
				D8DDA7BF2B9E31BF005DDBA0 /* FirebaseAnalytics in Frameworks */,
				D8DDA7C12B9E31BF005DDBA0 /* FirebaseAuth in Frameworks */,
				D8DDA7C52B9E31BF005DDBA0 /* FirebaseFirestoreSwift in Frameworks */,
			);
			runOnlyForDeploymentPostprocessing = 0;
		};
		D8261CB72B7931CC00799017 /* Frameworks */ = {
			isa = PBXFrameworksBuildPhase;
			buildActionMask = 2147483647;
			files = (
			);
			runOnlyForDeploymentPostprocessing = 0;
		};
		D8261CC12B7931CC00799017 /* Frameworks */ = {
			isa = PBXFrameworksBuildPhase;
			buildActionMask = 2147483647;
			files = (
			);
			runOnlyForDeploymentPostprocessing = 0;
		};
/* End PBXFrameworksBuildPhase section */

/* Begin PBXGroup section */
		D8261C9F2B7931CB00799017 = {
			isa = PBXGroup;
			children = (
				D8261CAA2B7931CB00799017 /* PickTwo2024 */,
				D8261CBD2B7931CC00799017 /* PickTwo2024Tests */,
				D8261CC72B7931CC00799017 /* PickTwo2024UITests */,
				D8261CA92B7931CB00799017 /* Products */,
			);
			sourceTree = "<group>";
		};
		D8261CA92B7931CB00799017 /* Products */ = {
			isa = PBXGroup;
			children = (
				D8261CA82B7931CB00799017 /* PickTwo2024.app */,
				D8261CBA2B7931CC00799017 /* PickTwo2024Tests.xctest */,
				D8261CC42B7931CC00799017 /* PickTwo2024UITests.xctest */,
			);
			name = Products;
			sourceTree = "<group>";
		};
		D8261CAA2B7931CB00799017 /* PickTwo2024 */ = {
			isa = PBXGroup;
			children = (
				D8DDA7BA2B9E2F99005DDBA0 /* Config */,
				D8261CDE2B9CF1F300799017 /* PickTwo2024.entitlements */,
				D8261CDB2B7932C100799017 /* ViewModels */,
				D8261CD92B7932AE00799017 /* Views */,
				D8261CAB2B7931CB00799017 /* PickTwo2024App.swift */,
				D8261CB12B7931CC00799017 /* Assets.xcassets */,
				D8261CB32B7931CC00799017 /* Preview Content */,
			);
			path = PickTwo2024;
			sourceTree = "<group>";
		};
		D8261CB32B7931CC00799017 /* Preview Content */ = {
			isa = PBXGroup;
			children = (
				D8261CB42B7931CC00799017 /* Preview Assets.xcassets */,
			);
			path = "Preview Content";
			sourceTree = "<group>";
		};
		D8261CBD2B7931CC00799017 /* PickTwo2024Tests */ = {
			isa = PBXGroup;
			children = (
				D8261CBE2B7931CC00799017 /* PickTwo2024Tests.swift */,
			);
			path = PickTwo2024Tests;
			sourceTree = "<group>";
		};
		D8261CC72B7931CC00799017 /* PickTwo2024UITests */ = {
			isa = PBXGroup;
			children = (
				D8261CC82B7931CC00799017 /* PickTwo2024UITests.swift */,
				D8261CCA2B7931CC00799017 /* PickTwo2024UITestsLaunchTests.swift */,
			);
			path = PickTwo2024UITests;
			sourceTree = "<group>";
		};
		D8261CD92B7932AE00799017 /* Views */ = {
			isa = PBXGroup;
			children = (
				D8261CAD2B7931CB00799017 /* LoginView.swift */,
				D8261CDF2B9CF60600799017 /* ProfileView.swift */,
			);
			path = Views;
			sourceTree = "<group>";
		};
		D8261CDB2B7932C100799017 /* ViewModels */ = {
			isa = PBXGroup;
			children = (
				D8261CD72B7932A400799017 /* LoginViewModel.swift */,
				D8261CE12B9CF9DE00799017 /* ProfileViewModel.swift */,
			);
			path = ViewModels;
			sourceTree = "<group>";
		};
		D8DDA7BA2B9E2F99005DDBA0 /* Config */ = {
			isa = PBXGroup;
			children = (
				D8DDA7BB2B9E2FC9005DDBA0 /* GoogleService-Info.plist */,
				D8DDA7C62B9E443E005DDBA0 /* Info.plist */,
			);
			path = Config;
			sourceTree = "<group>";
		};
/* End PBXGroup section */

/* Begin PBXNativeTarget section */
		D8261CA72B7931CB00799017 /* PickTwo2024 */ = {
			isa = PBXNativeTarget;
			buildConfigurationList = D8261CCE2B7931CC00799017 /* Build configuration list for PBXNativeTarget "PickTwo2024" */;
			buildPhases = (
				D8261CA42B7931CB00799017 /* Sources */,
				D8261CA52B7931CB00799017 /* Frameworks */,
				D8261CA62B7931CB00799017 /* Resources */,
			);
			buildRules = (
			);
			dependencies = (
			);
			name = PickTwo2024;
			packageProductDependencies = (
				D8DDA7BE2B9E31BF005DDBA0 /* FirebaseAnalytics */,
				D8DDA7C02B9E31BF005DDBA0 /* FirebaseAuth */,
				D8DDA7C22B9E31BF005DDBA0 /* FirebaseFirestoreCombine-Community */,
				D8DDA7C42B9E31BF005DDBA0 /* FirebaseFirestoreSwift */,
			);
			productName = PickTwo2024;
			productReference = D8261CA82B7931CB00799017 /* PickTwo2024.app */;
			productType = "com.apple.product-type.application";
		};
		D8261CB92B7931CC00799017 /* PickTwo2024Tests */ = {
			isa = PBXNativeTarget;
			buildConfigurationList = D8261CD12B7931CC00799017 /* Build configuration list for PBXNativeTarget "PickTwo2024Tests" */;
			buildPhases = (
				D8261CB62B7931CC00799017 /* Sources */,
				D8261CB72B7931CC00799017 /* Frameworks */,
				D8261CB82B7931CC00799017 /* Resources */,
			);
			buildRules = (
			);
			dependencies = (
				D8261CBC2B7931CC00799017 /* PBXTargetDependency */,
			);
			name = PickTwo2024Tests;
			productName = PickTwo2024Tests;
			productReference = D8261CBA2B7931CC00799017 /* PickTwo2024Tests.xctest */;
			productType = "com.apple.product-type.bundle.unit-test";
		};
		D8261CC32B7931CC00799017 /* PickTwo2024UITests */ = {
			isa = PBXNativeTarget;
			buildConfigurationList = D8261CD42B7931CC00799017 /* Build configuration list for PBXNativeTarget "PickTwo2024UITests" */;
			buildPhases = (
				D8261CC02B7931CC00799017 /* Sources */,
				D8261CC12B7931CC00799017 /* Frameworks */,
				D8261CC22B7931CC00799017 /* Resources */,
			);
			buildRules = (
			);
			dependencies = (
				D8261CC62B7931CC00799017 /* PBXTargetDependency */,
			);
			name = PickTwo2024UITests;
			productName = PickTwo2024UITests;
			productReference = D8261CC42B7931CC00799017 /* PickTwo2024UITests.xctest */;
			productType = "com.apple.product-type.bundle.ui-testing";
		};
/* End PBXNativeTarget section */

/* Begin PBXProject section */
		D8261CA02B7931CB00799017 /* Project object */ = {
			isa = PBXProject;
			attributes = {
				BuildIndependentTargetsInParallel = 1;
				LastSwiftUpdateCheck = 1520;
				LastUpgradeCheck = 1520;
				TargetAttributes = {
					D8261CA72B7931CB00799017 = {
						CreatedOnToolsVersion = 15.2;
					};
					D8261CB92B7931CC00799017 = {
						CreatedOnToolsVersion = 15.2;
						TestTargetID = D8261CA72B7931CB00799017;
					};
					D8261CC32B7931CC00799017 = {
						CreatedOnToolsVersion = 15.2;
						TestTargetID = D8261CA72B7931CB00799017;
					};
				};
			};
			buildConfigurationList = D8261CA32B7931CB00799017 /* Build configuration list for PBXProject "PickTwo2024" */;
			compatibilityVersion = "Xcode 14.0";
			developmentRegion = en;
			hasScannedForEncodings = 0;
			knownRegions = (
				en,
				Base,
			);
			mainGroup = D8261C9F2B7931CB00799017;
			packageReferences = (
				D8DDA7BD2B9E31BF005DDBA0 /* XCRemoteSwiftPackageReference "firebase-ios-sdk" */,
			);
			productRefGroup = D8261CA92B7931CB00799017 /* Products */;
			projectDirPath = "";
			projectRoot = "";
			targets = (
				D8261CA72B7931CB00799017 /* PickTwo2024 */,
				D8261CB92B7931CC00799017 /* PickTwo2024Tests */,
				D8261CC32B7931CC00799017 /* PickTwo2024UITests */,
			);
		};
/* End PBXProject section */

/* Begin PBXResourcesBuildPhase section */
		D8261CA62B7931CB00799017 /* Resources */ = {
			isa = PBXResourcesBuildPhase;
			buildActionMask = 2147483647;
			files = (
				D8DDA7C72B9E443E005DDBA0 /* Info.plist in Resources */,
				D8DDA7BC2B9E2FC9005DDBA0 /* GoogleService-Info.plist in Resources */,
				D8261CB52B7931CC00799017 /* Preview Assets.xcassets in Resources */,
				D8261CB22B7931CC00799017 /* Assets.xcassets in Resources */,
			);
			runOnlyForDeploymentPostprocessing = 0;
		};
		D8261CB82B7931CC00799017 /* Resources */ = {
			isa = PBXResourcesBuildPhase;
			buildActionMask = 2147483647;
			files = (
			);
			runOnlyForDeploymentPostprocessing = 0;
		};
		D8261CC22B7931CC00799017 /* Resources */ = {
			isa = PBXResourcesBuildPhase;
			buildActionMask = 2147483647;
			files = (
			);
			runOnlyForDeploymentPostprocessing = 0;
		};
/* End PBXResourcesBuildPhase section */

/* Begin PBXSourcesBuildPhase section */
		D8261CA42B7931CB00799017 /* Sources */ = {
			isa = PBXSourcesBuildPhase;
			buildActionMask = 2147483647;
			files = (
				D8261CE22B9CF9DE00799017 /* ProfileViewModel.swift in Sources */,
				D8261CD82B7932A400799017 /* LoginViewModel.swift in Sources */,
				D8261CE02B9CF60600799017 /* ProfileView.swift in Sources */,
				D8261CAE2B7931CB00799017 /* LoginView.swift in Sources */,
				D8261CAC2B7931CB00799017 /* PickTwo2024App.swift in Sources */,
			);
			runOnlyForDeploymentPostprocessing = 0;
		};
		D8261CB62B7931CC00799017 /* Sources */ = {
			isa = PBXSourcesBuildPhase;
			buildActionMask = 2147483647;
			files = (
				D8261CBF2B7931CC00799017 /* PickTwo2024Tests.swift in Sources */,
			);
			runOnlyForDeploymentPostprocessing = 0;
		};
		D8261CC02B7931CC00799017 /* Sources */ = {
			isa = PBXSourcesBuildPhase;
			buildActionMask = 2147483647;
			files = (
				D8261CCB2B7931CC00799017 /* PickTwo2024UITestsLaunchTests.swift in Sources */,
				D8261CC92B7931CC00799017 /* PickTwo2024UITests.swift in Sources */,
			);
			runOnlyForDeploymentPostprocessing = 0;
		};
/* End PBXSourcesBuildPhase section */

/* Begin PBXTargetDependency section */
		D8261CBC2B7931CC00799017 /* PBXTargetDependency */ = {
			isa = PBXTargetDependency;
			target = D8261CA72B7931CB00799017 /* PickTwo2024 */;
			targetProxy = D8261CBB2B7931CC00799017 /* PBXContainerItemProxy */;
		};
		D8261CC62B7931CC00799017 /* PBXTargetDependency */ = {
			isa = PBXTargetDependency;
			target = D8261CA72B7931CB00799017 /* PickTwo2024 */;
			targetProxy = D8261CC52B7931CC00799017 /* PBXContainerItemProxy */;
		};
/* End PBXTargetDependency section */

/* Begin XCBuildConfiguration section */
		D8261CCC2B7931CC00799017 /* Debug */ = {
			isa = XCBuildConfiguration;
			buildSettings = {
				ALWAYS_SEARCH_USER_PATHS = NO;
				ASSETCATALOG_COMPILER_GENERATE_SWIFT_ASSET_SYMBOL_EXTENSIONS = YES;
				CLANG_ANALYZER_NONNULL = YES;
				CLANG_ANALYZER_NUMBER_OBJECT_CONVERSION = YES_AGGRESSIVE;
				CLANG_CXX_LANGUAGE_STANDARD = "gnu++20";
				CLANG_ENABLE_MODULES = YES;
				CLANG_ENABLE_OBJC_ARC = YES;
				CLANG_ENABLE_OBJC_WEAK = YES;
				CLANG_WARN_BLOCK_CAPTURE_AUTORELEASING = YES;
				CLANG_WARN_BOOL_CONVERSION = YES;
				CLANG_WARN_COMMA = YES;
				CLANG_WARN_CONSTANT_CONVERSION = YES;
				CLANG_WARN_DEPRECATED_OBJC_IMPLEMENTATIONS = YES;
				CLANG_WARN_DIRECT_OBJC_ISA_USAGE = YES_ERROR;
				CLANG_WARN_DOCUMENTATION_COMMENTS = YES;
				CLANG_WARN_EMPTY_BODY = YES;
				CLANG_WARN_ENUM_CONVERSION = YES;
				CLANG_WARN_INFINITE_RECURSION = YES;
				CLANG_WARN_INT_CONVERSION = YES;
				CLANG_WARN_NON_LITERAL_NULL_CONVERSION = YES;
				CLANG_WARN_OBJC_IMPLICIT_RETAIN_SELF = YES;
				CLANG_WARN_OBJC_LITERAL_CONVERSION = YES;
				CLANG_WARN_OBJC_ROOT_CLASS = YES_ERROR;
				CLANG_WARN_QUOTED_INCLUDE_IN_FRAMEWORK_HEADER = YES;
				CLANG_WARN_RANGE_LOOP_ANALYSIS = YES;
				CLANG_WARN_STRICT_PROTOTYPES = YES;
				CLANG_WARN_SUSPICIOUS_MOVE = YES;
				CLANG_WARN_UNGUARDED_AVAILABILITY = YES_AGGRESSIVE;
				CLANG_WARN_UNREACHABLE_CODE = YES;
				CLANG_WARN__DUPLICATE_METHOD_MATCH = YES;
				COPY_PHASE_STRIP = NO;
				DEBUG_INFORMATION_FORMAT = dwarf;
				ENABLE_STRICT_OBJC_MSGSEND = YES;
				ENABLE_TESTABILITY = YES;
				ENABLE_USER_SCRIPT_SANDBOXING = YES;
				GCC_C_LANGUAGE_STANDARD = gnu17;
				GCC_DYNAMIC_NO_PIC = NO;
				GCC_NO_COMMON_BLOCKS = YES;
				GCC_OPTIMIZATION_LEVEL = 0;
				GCC_PREPROCESSOR_DEFINITIONS = (
					"DEBUG=1",
					"$(inherited)",
				);
				GCC_WARN_64_TO_32_BIT_CONVERSION = YES;
				GCC_WARN_ABOUT_RETURN_TYPE = YES_ERROR;
				GCC_WARN_UNDECLARED_SELECTOR = YES;
				GCC_WARN_UNINITIALIZED_AUTOS = YES_AGGRESSIVE;
				GCC_WARN_UNUSED_FUNCTION = YES;
				GCC_WARN_UNUSED_VARIABLE = YES;
				IPHONEOS_DEPLOYMENT_TARGET = 17.2;
				LOCALIZATION_PREFERS_STRING_CATALOGS = YES;
				MTL_ENABLE_DEBUG_INFO = INCLUDE_SOURCE;
				MTL_FAST_MATH = YES;
				ONLY_ACTIVE_ARCH = YES;
				SDKROOT = iphoneos;
				SWIFT_ACTIVE_COMPILATION_CONDITIONS = "DEBUG $(inherited)";
				SWIFT_OPTIMIZATION_LEVEL = "-Onone";
			};
			name = Debug;
		};
		D8261CCD2B7931CC00799017 /* Release */ = {
			isa = XCBuildConfiguration;
			buildSettings = {
				ALWAYS_SEARCH_USER_PATHS = NO;
				ASSETCATALOG_COMPILER_GENERATE_SWIFT_ASSET_SYMBOL_EXTENSIONS = YES;
				CLANG_ANALYZER_NONNULL = YES;
				CLANG_ANALYZER_NUMBER_OBJECT_CONVERSION = YES_AGGRESSIVE;
				CLANG_CXX_LANGUAGE_STANDARD = "gnu++20";
				CLANG_ENABLE_MODULES = YES;
				CLANG_ENABLE_OBJC_ARC = YES;
				CLANG_ENABLE_OBJC_WEAK = YES;
				CLANG_WARN_BLOCK_CAPTURE_AUTORELEASING = YES;
				CLANG_WARN_BOOL_CONVERSION = YES;
				CLANG_WARN_COMMA = YES;
				CLANG_WARN_CONSTANT_CONVERSION = YES;
				CLANG_WARN_DEPRECATED_OBJC_IMPLEMENTATIONS = YES;
				CLANG_WARN_DIRECT_OBJC_ISA_USAGE = YES_ERROR;
				CLANG_WARN_DOCUMENTATION_COMMENTS = YES;
				CLANG_WARN_EMPTY_BODY = YES;
				CLANG_WARN_ENUM_CONVERSION = YES;
				CLANG_WARN_INFINITE_RECURSION = YES;
				CLANG_WARN_INT_CONVERSION = YES;
				CLANG_WARN_NON_LITERAL_NULL_CONVERSION = YES;
				CLANG_WARN_OBJC_IMPLICIT_RETAIN_SELF = YES;
				CLANG_WARN_OBJC_LITERAL_CONVERSION = YES;
				CLANG_WARN_OBJC_ROOT_CLASS = YES_ERROR;
				CLANG_WARN_QUOTED_INCLUDE_IN_FRAMEWORK_HEADER = YES;
				CLANG_WARN_RANGE_LOOP_ANALYSIS = YES;
				CLANG_WARN_STRICT_PROTOTYPES = YES;
				CLANG_WARN_SUSPICIOUS_MOVE = YES;
				CLANG_WARN_UNGUARDED_AVAILABILITY = YES_AGGRESSIVE;
				CLANG_WARN_UNREACHABLE_CODE = YES;
				CLANG_WARN__DUPLICATE_METHOD_MATCH = YES;
				COPY_PHASE_STRIP = NO;
				DEBUG_INFORMATION_FORMAT = "dwarf-with-dsym";
				ENABLE_NS_ASSERTIONS = NO;
				ENABLE_STRICT_OBJC_MSGSEND = YES;
				ENABLE_USER_SCRIPT_SANDBOXING = YES;
				GCC_C_LANGUAGE_STANDARD = gnu17;
				GCC_NO_COMMON_BLOCKS = YES;
				GCC_WARN_64_TO_32_BIT_CONVERSION = YES;
				GCC_WARN_ABOUT_RETURN_TYPE = YES_ERROR;
				GCC_WARN_UNDECLARED_SELECTOR = YES;
				GCC_WARN_UNINITIALIZED_AUTOS = YES_AGGRESSIVE;
				GCC_WARN_UNUSED_FUNCTION = YES;
				GCC_WARN_UNUSED_VARIABLE = YES;
				IPHONEOS_DEPLOYMENT_TARGET = 17.2;
				LOCALIZATION_PREFERS_STRING_CATALOGS = YES;
				MTL_ENABLE_DEBUG_INFO = NO;
				MTL_FAST_MATH = YES;
				SDKROOT = iphoneos;
				SWIFT_COMPILATION_MODE = wholemodule;
				VALIDATE_PRODUCT = YES;
			};
			name = Release;
		};
		D8261CCF2B7931CC00799017 /* Debug */ = {
			isa = XCBuildConfiguration;
			buildSettings = {
				ASSETCATALOG_COMPILER_APPICON_NAME = AppIcon;
				ASSETCATALOG_COMPILER_GLOBAL_ACCENT_COLOR_NAME = AccentColor;
				ASSETCATALOG_COMPILER_INCLUDE_ALL_APPICON_ASSETS = YES;
				CODE_SIGN_ENTITLEMENTS = PickTwo2024/PickTwo2024.entitlements;
				CODE_SIGN_STYLE = Automatic;
				CURRENT_PROJECT_VERSION = 15;
				DEVELOPMENT_ASSET_PATHS = "\"PickTwo2024/Preview Content\"";
				DEVELOPMENT_TEAM = L8RQXRRVJ4;
				ENABLE_PREVIEWS = YES;
				GENERATE_INFOPLIST_FILE = YES;
				INFOPLIST_KEY_CFBundleDisplayName = "Pick Two 2024";
				INFOPLIST_KEY_UIApplicationSceneManifest_Generation = YES;
				INFOPLIST_KEY_UIApplicationSupportsIndirectInputEvents = YES;
				INFOPLIST_KEY_UILaunchScreen_Generation = YES;
				INFOPLIST_KEY_UISupportedInterfaceOrientations_iPad = "UIInterfaceOrientationPortrait UIInterfaceOrientationPortraitUpsideDown UIInterfaceOrientationLandscapeLeft UIInterfaceOrientationLandscapeRight";
				INFOPLIST_KEY_UISupportedInterfaceOrientations_iPhone = "UIInterfaceOrientationPortrait UIInterfaceOrientationLandscapeLeft UIInterfaceOrientationLandscapeRight";
				IPHONEOS_DEPLOYMENT_TARGET = 16.0;
				LD_RUNPATH_SEARCH_PATHS = (
					"$(inherited)",
					"@executable_path/Frameworks",
				);
				MARKETING_VERSION = 1.0;
				PRODUCT_BUNDLE_IDENTIFIER = zbmw.PickTwo;
				PRODUCT_NAME = "$(TARGET_NAME)";
				SWIFT_EMIT_LOC_STRINGS = YES;
				SWIFT_VERSION = 5.0;
				TARGETED_DEVICE_FAMILY = "1,2";
			};
			name = Debug;
		};
		D8261CD02B7931CC00799017 /* Release */ = {
			isa = XCBuildConfiguration;
			buildSettings = {
				ASSETCATALOG_COMPILER_APPICON_NAME = AppIcon;
				ASSETCATALOG_COMPILER_GLOBAL_ACCENT_COLOR_NAME = AccentColor;
				ASSETCATALOG_COMPILER_INCLUDE_ALL_APPICON_ASSETS = YES;
				CODE_SIGN_ENTITLEMENTS = PickTwo2024/PickTwo2024.entitlements;
				CODE_SIGN_STYLE = Automatic;
				CURRENT_PROJECT_VERSION = 15;
				DEVELOPMENT_ASSET_PATHS = "\"PickTwo2024/Preview Content\"";
				DEVELOPMENT_TEAM = L8RQXRRVJ4;
				ENABLE_PREVIEWS = YES;
				GENERATE_INFOPLIST_FILE = YES;
				INFOPLIST_KEY_CFBundleDisplayName = "Pick Two 2024";
				INFOPLIST_KEY_UIApplicationSceneManifest_Generation = YES;
				INFOPLIST_KEY_UIApplicationSupportsIndirectInputEvents = YES;
				INFOPLIST_KEY_UILaunchScreen_Generation = YES;
				INFOPLIST_KEY_UISupportedInterfaceOrientations_iPad = "UIInterfaceOrientationPortrait UIInterfaceOrientationPortraitUpsideDown UIInterfaceOrientationLandscapeLeft UIInterfaceOrientationLandscapeRight";
				INFOPLIST_KEY_UISupportedInterfaceOrientations_iPhone = "UIInterfaceOrientationPortrait UIInterfaceOrientationLandscapeLeft UIInterfaceOrientationLandscapeRight";
				IPHONEOS_DEPLOYMENT_TARGET = 16.0;
				LD_RUNPATH_SEARCH_PATHS = (
					"$(inherited)",
					"@executable_path/Frameworks",
				);
				MARKETING_VERSION = 1.0;
				PRODUCT_BUNDLE_IDENTIFIER = zbmw.PickTwo;
				PRODUCT_NAME = "$(TARGET_NAME)";
				SWIFT_EMIT_LOC_STRINGS = YES;
				SWIFT_VERSION = 5.0;
				TARGETED_DEVICE_FAMILY = "1,2";
			};
			name = Release;
		};
		D8261CD22B7931CC00799017 /* Debug */ = {
			isa = XCBuildConfiguration;
			buildSettings = {
				ALWAYS_EMBED_SWIFT_STANDARD_LIBRARIES = YES;
				BUNDLE_LOADER = "$(TEST_HOST)";
				CODE_SIGN_STYLE = Automatic;
				CURRENT_PROJECT_VERSION = 1;
				DEVELOPMENT_TEAM = L8RQXRRVJ4;
				GENERATE_INFOPLIST_FILE = YES;
				IPHONEOS_DEPLOYMENT_TARGET = 17.2;
				MARKETING_VERSION = 1.0;
				PRODUCT_BUNDLE_IDENTIFIER = zbmw.PickTwo2024Tests;
				PRODUCT_NAME = "$(TARGET_NAME)";
				SWIFT_EMIT_LOC_STRINGS = NO;
				SWIFT_VERSION = 5.0;
				TARGETED_DEVICE_FAMILY = "1,2";
				TEST_HOST = "$(BUILT_PRODUCTS_DIR)/PickTwo2024.app/$(BUNDLE_EXECUTABLE_FOLDER_PATH)/PickTwo2024";
			};
			name = Debug;
		};
		D8261CD32B7931CC00799017 /* Release */ = {
			isa = XCBuildConfiguration;
			buildSettings = {
				ALWAYS_EMBED_SWIFT_STANDARD_LIBRARIES = YES;
				BUNDLE_LOADER = "$(TEST_HOST)";
				CODE_SIGN_STYLE = Automatic;
				CURRENT_PROJECT_VERSION = 1;
				DEVELOPMENT_TEAM = L8RQXRRVJ4;
				GENERATE_INFOPLIST_FILE = YES;
				IPHONEOS_DEPLOYMENT_TARGET = 17.2;
				MARKETING_VERSION = 1.0;
				PRODUCT_BUNDLE_IDENTIFIER = zbmw.PickTwo2024Tests;
				PRODUCT_NAME = "$(TARGET_NAME)";
				SWIFT_EMIT_LOC_STRINGS = NO;
				SWIFT_VERSION = 5.0;
				TARGETED_DEVICE_FAMILY = "1,2";
				TEST_HOST = "$(BUILT_PRODUCTS_DIR)/PickTwo2024.app/$(BUNDLE_EXECUTABLE_FOLDER_PATH)/PickTwo2024";
			};
			name = Release;
		};
		D8261CD52B7931CC00799017 /* Debug */ = {
			isa = XCBuildConfiguration;
			buildSettings = {
				ALWAYS_EMBED_SWIFT_STANDARD_LIBRARIES = YES;
				CODE_SIGN_STYLE = Automatic;
				CURRENT_PROJECT_VERSION = 1;
				DEVELOPMENT_TEAM = L8RQXRRVJ4;
				GENERATE_INFOPLIST_FILE = YES;
				MARKETING_VERSION = 1.0;
				PRODUCT_BUNDLE_IDENTIFIER = zbmw.PickTwo2024UITests;
				PRODUCT_NAME = "$(TARGET_NAME)";
				SWIFT_EMIT_LOC_STRINGS = NO;
				SWIFT_VERSION = 5.0;
				TARGETED_DEVICE_FAMILY = "1,2";
				TEST_TARGET_NAME = PickTwo2024;
			};
			name = Debug;
		};
		D8261CD62B7931CC00799017 /* Release */ = {
			isa = XCBuildConfiguration;
			buildSettings = {
				ALWAYS_EMBED_SWIFT_STANDARD_LIBRARIES = YES;
				CODE_SIGN_STYLE = Automatic;
				CURRENT_PROJECT_VERSION = 1;
				DEVELOPMENT_TEAM = L8RQXRRVJ4;
				GENERATE_INFOPLIST_FILE = YES;
				MARKETING_VERSION = 1.0;
				PRODUCT_BUNDLE_IDENTIFIER = zbmw.PickTwo2024UITests;
				PRODUCT_NAME = "$(TARGET_NAME)";
				SWIFT_EMIT_LOC_STRINGS = NO;
				SWIFT_VERSION = 5.0;
				TARGETED_DEVICE_FAMILY = "1,2";
				TEST_TARGET_NAME = PickTwo2024;
			};
			name = Release;
		};
/* End XCBuildConfiguration section */

/* Begin XCConfigurationList section */
		D8261CA32B7931CB00799017 /* Build configuration list for PBXProject "PickTwo2024" */ = {
			isa = XCConfigurationList;
			buildConfigurations = (
				D8261CCC2B7931CC00799017 /* Debug */,
				D8261CCD2B7931CC00799017 /* Release */,
			);
			defaultConfigurationIsVisible = 0;
			defaultConfigurationName = Release;
		};
		D8261CCE2B7931CC00799017 /* Build configuration list for PBXNativeTarget "PickTwo2024" */ = {
			isa = XCConfigurationList;
			buildConfigurations = (
				D8261CCF2B7931CC00799017 /* Debug */,
				D8261CD02B7931CC00799017 /* Release */,
			);
			defaultConfigurationIsVisible = 0;
			defaultConfigurationName = Release;
		};
		D8261CD12B7931CC00799017 /* Build configuration list for PBXNativeTarget "PickTwo2024Tests" */ = {
			isa = XCConfigurationList;
			buildConfigurations = (
				D8261CD22B7931CC00799017 /* Debug */,
				D8261CD32B7931CC00799017 /* Release */,
			);
			defaultConfigurationIsVisible = 0;
			defaultConfigurationName = Release;
		};
		D8261CD42B7931CC00799017 /* Build configuration list for PBXNativeTarget "PickTwo2024UITests" */ = {
			isa = XCConfigurationList;
			buildConfigurations = (
				D8261CD52B7931CC00799017 /* Debug */,
				D8261CD62B7931CC00799017 /* Release */,
			);
			defaultConfigurationIsVisible = 0;
			defaultConfigurationName = Release;
		};
/* End XCConfigurationList section */

/* Begin XCRemoteSwiftPackageReference section */
		D8DDA7BD2B9E31BF005DDBA0 /* XCRemoteSwiftPackageReference "firebase-ios-sdk" */ = {
			isa = XCRemoteSwiftPackageReference;
			repositoryURL = "https://github.com/firebase/firebase-ios-sdk.git";
			requirement = {
				kind = upToNextMajorVersion;
				minimumVersion = 10.22.1;
			};
		};
/* End XCRemoteSwiftPackageReference section */

/* Begin XCSwiftPackageProductDependency section */
		D8DDA7BE2B9E31BF005DDBA0 /* FirebaseAnalytics */ = {
			isa = XCSwiftPackageProductDependency;
			package = D8DDA7BD2B9E31BF005DDBA0 /* XCRemoteSwiftPackageReference "firebase-ios-sdk" */;
			productName = FirebaseAnalytics;
		};
		D8DDA7C02B9E31BF005DDBA0 /* FirebaseAuth */ = {
			isa = XCSwiftPackageProductDependency;
			package = D8DDA7BD2B9E31BF005DDBA0 /* XCRemoteSwiftPackageReference "firebase-ios-sdk" */;
			productName = FirebaseAuth;
		};
		D8DDA7C22B9E31BF005DDBA0 /* FirebaseFirestoreCombine-Community */ = {
			isa = XCSwiftPackageProductDependency;
			package = D8DDA7BD2B9E31BF005DDBA0 /* XCRemoteSwiftPackageReference "firebase-ios-sdk" */;
			productName = "FirebaseFirestoreCombine-Community";
		};
		D8DDA7C42B9E31BF005DDBA0 /* FirebaseFirestoreSwift */ = {
			isa = XCSwiftPackageProductDependency;
			package = D8DDA7BD2B9E31BF005DDBA0 /* XCRemoteSwiftPackageReference "firebase-ios-sdk" */;
			productName = FirebaseFirestoreSwift;
		};
/* End XCSwiftPackageProductDependency section */
	};
	rootObject = D8261CA02B7931CB00799017 /* Project object */;
}
